// !$*UTF8*$!
{
	archiveVersion = 1;
	classes = {
	};
	objectVersion = 50;
	objects = {

/* Begin PBXBuildFile section */
		0412AEDD241E85CB0068CCF5 /* Coordinator.swift in Sources */ = {isa = PBXBuildFile; fileRef = 0412AEDC241E85CB0068CCF5 /* Coordinator.swift */; };
		0412AEDF241E86810068CCF5 /* Storyboarded.swift in Sources */ = {isa = PBXBuildFile; fileRef = 0412AEDE241E86810068CCF5 /* Storyboarded.swift */; };
		0412AEE1241E89170068CCF5 /* MainCoordinator.swift in Sources */ = {isa = PBXBuildFile; fileRef = 0412AEE0241E89170068CCF5 /* MainCoordinator.swift */; };
		041DDD0E241D0C4D00096E9D /* Constants.swift in Sources */ = {isa = PBXBuildFile; fileRef = 041DDD0D241D0C4D00096E9D /* Constants.swift */; };
		04262108241D2A680024C58A /* ItemCell.swift in Sources */ = {isa = PBXBuildFile; fileRef = 04262106241D2A680024C58A /* ItemCell.swift */; };
		04262109241D2A680024C58A /* ItemCell.xib in Resources */ = {isa = PBXBuildFile; fileRef = 04262107241D2A680024C58A /* ItemCell.xib */; };
		0426210B241D325B0024C58A /* NotesViewController.swift in Sources */ = {isa = PBXBuildFile; fileRef = 0426210A241D325B0024C58A /* NotesViewController.swift */; };
		042A4FF7241CFDF200C5C509 /* AppDelegate.swift in Sources */ = {isa = PBXBuildFile; fileRef = 042A4FF6241CFDF200C5C509 /* AppDelegate.swift */; };
		042A4FF9241CFDF200C5C509 /* SceneDelegate.swift in Sources */ = {isa = PBXBuildFile; fileRef = 042A4FF8241CFDF200C5C509 /* SceneDelegate.swift */; };
		042A4FFB241CFDF200C5C509 /* FoldersViewController.swift in Sources */ = {isa = PBXBuildFile; fileRef = 042A4FFA241CFDF200C5C509 /* FoldersViewController.swift */; };
		042A4FFE241CFDF200C5C509 /* Main.storyboard in Resources */ = {isa = PBXBuildFile; fileRef = 042A4FFC241CFDF200C5C509 /* Main.storyboard */; };
		042A5001241CFDF200C5C509 /* notes_and_folders.xcdatamodeld in Sources */ = {isa = PBXBuildFile; fileRef = 042A4FFF241CFDF200C5C509 /* notes_and_folders.xcdatamodeld */; };
		042A5003241CFDF300C5C509 /* Assets.xcassets in Resources */ = {isa = PBXBuildFile; fileRef = 042A5002241CFDF300C5C509 /* Assets.xcassets */; };
		042A5006241CFDF300C5C509 /* LaunchScreen.storyboard in Resources */ = {isa = PBXBuildFile; fileRef = 042A5004241CFDF300C5C509 /* LaunchScreen.storyboard */; };
/* End PBXBuildFile section */

/* Begin PBXFileReference section */
		0412AEDC241E85CB0068CCF5 /* Coordinator.swift */ = {isa = PBXFileReference; lastKnownFileType = sourcecode.swift; path = Coordinator.swift; sourceTree = "<group>"; };
		0412AEDE241E86810068CCF5 /* Storyboarded.swift */ = {isa = PBXFileReference; lastKnownFileType = sourcecode.swift; path = Storyboarded.swift; sourceTree = "<group>"; };
		0412AEE0241E89170068CCF5 /* MainCoordinator.swift */ = {isa = PBXFileReference; lastKnownFileType = sourcecode.swift; path = MainCoordinator.swift; sourceTree = "<group>"; };
		041DDD0D241D0C4D00096E9D /* Constants.swift */ = {isa = PBXFileReference; lastKnownFileType = sourcecode.swift; path = Constants.swift; sourceTree = "<group>"; };
		04262106241D2A680024C58A /* ItemCell.swift */ = {isa = PBXFileReference; lastKnownFileType = sourcecode.swift; path = ItemCell.swift; sourceTree = "<group>"; };
		04262107241D2A680024C58A /* ItemCell.xib */ = {isa = PBXFileReference; lastKnownFileType = file.xib; path = ItemCell.xib; sourceTree = "<group>"; };
		0426210A241D325B0024C58A /* NotesViewController.swift */ = {isa = PBXFileReference; lastKnownFileType = sourcecode.swift; path = NotesViewController.swift; sourceTree = "<group>"; };
		042A4FF3241CFDF200C5C509 /* notes and folders.app */ = {isa = PBXFileReference; explicitFileType = wrapper.application; includeInIndex = 0; path = "notes and folders.app"; sourceTree = BUILT_PRODUCTS_DIR; };
		042A4FF6241CFDF200C5C509 /* AppDelegate.swift */ = {isa = PBXFileReference; lastKnownFileType = sourcecode.swift; path = AppDelegate.swift; sourceTree = "<group>"; };
		042A4FF8241CFDF200C5C509 /* SceneDelegate.swift */ = {isa = PBXFileReference; lastKnownFileType = sourcecode.swift; path = SceneDelegate.swift; sourceTree = "<group>"; };
		042A4FFA241CFDF200C5C509 /* FoldersViewController.swift */ = {isa = PBXFileReference; lastKnownFileType = sourcecode.swift; path = FoldersViewController.swift; sourceTree = "<group>"; };
		042A4FFD241CFDF200C5C509 /* Base */ = {isa = PBXFileReference; lastKnownFileType = file.storyboard; name = Base; path = Base.lproj/Main.storyboard; sourceTree = "<group>"; };
		042A5000241CFDF200C5C509 /* notes_and_folders.xcdatamodel */ = {isa = PBXFileReference; lastKnownFileType = wrapper.xcdatamodel; path = notes_and_folders.xcdatamodel; sourceTree = "<group>"; };
		042A5002241CFDF300C5C509 /* Assets.xcassets */ = {isa = PBXFileReference; lastKnownFileType = folder.assetcatalog; path = Assets.xcassets; sourceTree = "<group>"; };
		042A5005241CFDF300C5C509 /* Base */ = {isa = PBXFileReference; lastKnownFileType = file.storyboard; name = Base; path = Base.lproj/LaunchScreen.storyboard; sourceTree = "<group>"; };
		042A5007241CFDF300C5C509 /* Info.plist */ = {isa = PBXFileReference; lastKnownFileType = text.plist.xml; path = Info.plist; sourceTree = "<group>"; };
/* End PBXFileReference section */

/* Begin PBXFrameworksBuildPhase section */
		042A4FF0241CFDF200C5C509 /* Frameworks */ = {
			isa = PBXFrameworksBuildPhase;
			buildActionMask = 2147483647;
			files = (
			);
			runOnlyForDeploymentPostprocessing = 0;
		};
/* End PBXFrameworksBuildPhase section */

/* Begin PBXGroup section */
		0412AEDB241E85650068CCF5 /* Protocols */ = {
			isa = PBXGroup;
			children = (
				0412AEDC241E85CB0068CCF5 /* Coordinator.swift */,
				0412AEDE241E86810068CCF5 /* Storyboarded.swift */,
			);
			path = Protocols;
			sourceTree = "<group>";
		};
		041DDD0F241D0CA700096E9D /* Controllers */ = {
			isa = PBXGroup;
			children = (
				042A4FFA241CFDF200C5C509 /* FoldersViewController.swift */,
				0426210A241D325B0024C58A /* NotesViewController.swift */,
				0412AEE0241E89170068CCF5 /* MainCoordinator.swift */,
			);
			path = Controllers;
			sourceTree = "<group>";
		};
		041DDD10241D0CC400096E9D /* Views */ = {
			isa = PBXGroup;
			children = (
				042A4FFC241CFDF200C5C509 /* Main.storyboard */,
				04262106241D2A680024C58A /* ItemCell.swift */,
				04262107241D2A680024C58A /* ItemCell.xib */,
			);
			path = Views;
			sourceTree = "<group>";
		};
		042A4FEA241CFDF200C5C509 = {
			isa = PBXGroup;
			children = (
				042A4FF5241CFDF200C5C509 /* notes and folders */,
				042A4FF4241CFDF200C5C509 /* Products */,
			);
			sourceTree = "<group>";
		};
		042A4FF4241CFDF200C5C509 /* Products */ = {
			isa = PBXGroup;
			children = (
				042A4FF3241CFDF200C5C509 /* notes and folders.app */,
			);
			name = Products;
			sourceTree = "<group>";
		};
		042A4FF5241CFDF200C5C509 /* notes and folders */ = {
			isa = PBXGroup;
			children = (
				042A4FF6241CFDF200C5C509 /* AppDelegate.swift */,
				042A4FF8241CFDF200C5C509 /* SceneDelegate.swift */,
				041DDD0D241D0C4D00096E9D /* Constants.swift */,
				041DDD0F241D0CA700096E9D /* Controllers */,
				041DDD10241D0CC400096E9D /* Views */,
				0412AEDB241E85650068CCF5 /* Protocols */,
				042A5002241CFDF300C5C509 /* Assets.xcassets */,
				042A5004241CFDF300C5C509 /* LaunchScreen.storyboard */,
				042A5007241CFDF300C5C509 /* Info.plist */,
				042A4FFF241CFDF200C5C509 /* notes_and_folders.xcdatamodeld */,
			);
			path = "notes and folders";
			sourceTree = "<group>";
		};
/* End PBXGroup section */

/* Begin PBXNativeTarget section */
		042A4FF2241CFDF200C5C509 /* notes and folders */ = {
			isa = PBXNativeTarget;
			buildConfigurationList = 042A500A241CFDF300C5C509 /* Build configuration list for PBXNativeTarget "notes and folders" */;
			buildPhases = (
				042A4FEF241CFDF200C5C509 /* Sources */,
				042A4FF0241CFDF200C5C509 /* Frameworks */,
				042A4FF1241CFDF200C5C509 /* Resources */,
			);
			buildRules = (
			);
			dependencies = (
			);
			name = "notes and folders";
			productName = "notes and folders";
			productReference = 042A4FF3241CFDF200C5C509 /* notes and folders.app */;
			productType = "com.apple.product-type.application";
		};
/* End PBXNativeTarget section */

/* Begin PBXProject section */
		042A4FEB241CFDF200C5C509 /* Project object */ = {
			isa = PBXProject;
			attributes = {
				LastSwiftUpdateCheck = 1130;
				LastUpgradeCheck = 1130;
				ORGANIZATIONNAME = Moonlight;
				TargetAttributes = {
					042A4FF2241CFDF200C5C509 = {
						CreatedOnToolsVersion = 11.3.1;
					};
				};
			};
			buildConfigurationList = 042A4FEE241CFDF200C5C509 /* Build configuration list for PBXProject "notes and folders" */;
			compatibilityVersion = "Xcode 9.3";
			developmentRegion = en;
			hasScannedForEncodings = 0;
			knownRegions = (
				en,
				Base,
			);
			mainGroup = 042A4FEA241CFDF200C5C509;
			productRefGroup = 042A4FF4241CFDF200C5C509 /* Products */;
			projectDirPath = "";
			projectRoot = "";
			targets = (
				042A4FF2241CFDF200C5C509 /* notes and folders */,
			);
		};
/* End PBXProject section */

/* Begin PBXResourcesBuildPhase section */
		042A4FF1241CFDF200C5C509 /* Resources */ = {
			isa = PBXResourcesBuildPhase;
			buildActionMask = 2147483647;
			files = (
				04262109241D2A680024C58A /* ItemCell.xib in Resources */,
				042A5006241CFDF300C5C509 /* LaunchScreen.storyboard in Resources */,
				042A5003241CFDF300C5C509 /* Assets.xcassets in Resources */,
				042A4FFE241CFDF200C5C509 /* Main.storyboard in Resources */,
			);
			runOnlyForDeploymentPostprocessing = 0;
		};
/* End PBXResourcesBuildPhase section */

/* Begin PBXSourcesBuildPhase section */
		042A4FEF241CFDF200C5C509 /* Sources */ = {
			isa = PBXSourcesBuildPhase;
			buildActionMask = 2147483647;
			files = (
				0412AEDD241E85CB0068CCF5 /* Coordinator.swift in Sources */,
				041DDD0E241D0C4D00096E9D /* Constants.swift in Sources */,
				042A4FFB241CFDF200C5C509 /* FoldersViewController.swift in Sources */,
				0412AEE1241E89170068CCF5 /* MainCoordinator.swift in Sources */,
				04262108241D2A680024C58A /* ItemCell.swift in Sources */,
				042A4FF7241CFDF200C5C509 /* AppDelegate.swift in Sources */,
				0412AEDF241E86810068CCF5 /* Storyboarded.swift in Sources */,
				042A4FF9241CFDF200C5C509 /* SceneDelegate.swift in Sources */,
				042A5001241CFDF200C5C509 /* notes_and_folders.xcdatamodeld in Sources */,
				0426210B241D325B0024C58A /* NotesViewController.swift in Sources */,
			);
			runOnlyForDeploymentPostprocessing = 0;
		};
/* End PBXSourcesBuildPhase section */

/* Begin PBXVariantGroup section */
		042A4FFC241CFDF200C5C509 /* Main.storyboard */ = {
			isa = PBXVariantGroup;
			children = (
				042A4FFD241CFDF200C5C509 /* Base */,
			);
			name = Main.storyboard;
			sourceTree = "<group>";
		};
		042A5004241CFDF300C5C509 /* LaunchScreen.storyboard */ = {
			isa = PBXVariantGroup;
			children = (
				042A5005241CFDF300C5C509 /* Base */,
			);
			name = LaunchScreen.storyboard;
			sourceTree = "<group>";
		};
/* End PBXVariantGroup section */

/* Begin XCBuildConfiguration section */
		042A5008241CFDF300C5C509 /* Debug */ = {
			isa = XCBuildConfiguration;
			buildSettings = {
				ALWAYS_SEARCH_USER_PATHS = NO;
				CLANG_ANALYZER_NONNULL = YES;
				CLANG_ANALYZER_NUMBER_OBJECT_CONVERSION = YES_AGGRESSIVE;
				CLANG_CXX_LANGUAGE_STANDARD = "gnu++14";
				CLANG_CXX_LIBRARY = "libc++";
				CLANG_ENABLE_MODULES = YES;
				CLANG_ENABLE_OBJC_ARC = YES;
				CLANG_ENABLE_OBJC_WEAK = YES;
				CLANG_WARN_BLOCK_CAPTURE_AUTORELEASING = YES;
				CLANG_WARN_BOOL_CONVERSION = YES;
				CLANG_WARN_COMMA = YES;
				CLANG_WARN_CONSTANT_CONVERSION = YES;
				CLANG_WARN_DEPRECATED_OBJC_IMPLEMENTATIONS = YES;
				CLANG_WARN_DIRECT_OBJC_ISA_USAGE = YES_ERROR;
				CLANG_WARN_DOCUMENTATION_COMMENTS = YES;
				CLANG_WARN_EMPTY_BODY = YES;
				CLANG_WARN_ENUM_CONVERSION = YES;
				CLANG_WARN_INFINITE_RECURSION = YES;
				CLANG_WARN_INT_CONVERSION = YES;
				CLANG_WARN_NON_LITERAL_NULL_CONVERSION = YES;
				CLANG_WARN_OBJC_IMPLICIT_RETAIN_SELF = YES;
				CLANG_WARN_OBJC_LITERAL_CONVERSION = YES;
				CLANG_WARN_OBJC_ROOT_CLASS = YES_ERROR;
				CLANG_WARN_RANGE_LOOP_ANALYSIS = YES;
				CLANG_WARN_STRICT_PROTOTYPES = YES;
				CLANG_WARN_SUSPICIOUS_MOVE = YES;
				CLANG_WARN_UNGUARDED_AVAILABILITY = YES_AGGRESSIVE;
				CLANG_WARN_UNREACHABLE_CODE = YES;
				CLANG_WARN__DUPLICATE_METHOD_MATCH = YES;
				COPY_PHASE_STRIP = NO;
				DEBUG_INFORMATION_FORMAT = dwarf;
				ENABLE_STRICT_OBJC_MSGSEND = YES;
				ENABLE_TESTABILITY = YES;
				GCC_C_LANGUAGE_STANDARD = gnu11;
				GCC_DYNAMIC_NO_PIC = NO;
				GCC_NO_COMMON_BLOCKS = YES;
				GCC_OPTIMIZATION_LEVEL = 0;
				GCC_PREPROCESSOR_DEFINITIONS = (
					"DEBUG=1",
					"$(inherited)",
				);
				GCC_WARN_64_TO_32_BIT_CONVERSION = YES;
				GCC_WARN_ABOUT_RETURN_TYPE = YES_ERROR;
				GCC_WARN_UNDECLARED_SELECTOR = YES;
				GCC_WARN_UNINITIALIZED_AUTOS = YES_AGGRESSIVE;
				GCC_WARN_UNUSED_FUNCTION = YES;
				GCC_WARN_UNUSED_VARIABLE = YES;
				IPHONEOS_DEPLOYMENT_TARGET = 13.2;
				MTL_ENABLE_DEBUG_INFO = INCLUDE_SOURCE;
				MTL_FAST_MATH = YES;
				ONLY_ACTIVE_ARCH = YES;
				SDKROOT = iphoneos;
				SWIFT_ACTIVE_COMPILATION_CONDITIONS = DEBUG;
				SWIFT_OPTIMIZATION_LEVEL = "-Onone";
			};
			name = Debug;
		};
		042A5009241CFDF300C5C509 /* Release */ = {
			isa = XCBuildConfiguration;
			buildSettings = {
				ALWAYS_SEARCH_USER_PATHS = NO;
				CLANG_ANALYZER_NONNULL = YES;
				CLANG_ANALYZER_NUMBER_OBJECT_CONVERSION = YES_AGGRESSIVE;
				CLANG_CXX_LANGUAGE_STANDARD = "gnu++14";
				CLANG_CXX_LIBRARY = "libc++";
				CLANG_ENABLE_MODULES = YES;
				CLANG_ENABLE_OBJC_ARC = YES;
				CLANG_ENABLE_OBJC_WEAK = YES;
				CLANG_WARN_BLOCK_CAPTURE_AUTORELEASING = YES;
				CLANG_WARN_BOOL_CONVERSION = YES;
				CLANG_WARN_COMMA = YES;
				CLANG_WARN_CONSTANT_CONVERSION = YES;
				CLANG_WARN_DEPRECATED_OBJC_IMPLEMENTATIONS = YES;
				CLANG_WARN_DIRECT_OBJC_ISA_USAGE = YES_ERROR;
				CLANG_WARN_DOCUMENTATION_COMMENTS = YES;
				CLANG_WARN_EMPTY_BODY = YES;
				CLANG_WARN_ENUM_CONVERSION = YES;
				CLANG_WARN_INFINITE_RECURSION = YES;
				CLANG_WARN_INT_CONVERSION = YES;
				CLANG_WARN_NON_LITERAL_NULL_CONVERSION = YES;
				CLANG_WARN_OBJC_IMPLICIT_RETAIN_SELF = YES;
				CLANG_WARN_OBJC_LITERAL_CONVERSION = YES;
				CLANG_WARN_OBJC_ROOT_CLASS = YES_ERROR;
				CLANG_WARN_RANGE_LOOP_ANALYSIS = YES;
				CLANG_WARN_STRICT_PROTOTYPES = YES;
				CLANG_WARN_SUSPICIOUS_MOVE = YES;
				CLANG_WARN_UNGUARDED_AVAILABILITY = YES_AGGRESSIVE;
				CLANG_WARN_UNREACHABLE_CODE = YES;
				CLANG_WARN__DUPLICATE_METHOD_MATCH = YES;
				COPY_PHASE_STRIP = NO;
				DEBUG_INFORMATION_FORMAT = "dwarf-with-dsym";
				ENABLE_NS_ASSERTIONS = NO;
				ENABLE_STRICT_OBJC_MSGSEND = YES;
				GCC_C_LANGUAGE_STANDARD = gnu11;
				GCC_NO_COMMON_BLOCKS = YES;
				GCC_WARN_64_TO_32_BIT_CONVERSION = YES;
				GCC_WARN_ABOUT_RETURN_TYPE = YES_ERROR;
				GCC_WARN_UNDECLARED_SELECTOR = YES;
				GCC_WARN_UNINITIALIZED_AUTOS = YES_AGGRESSIVE;
				GCC_WARN_UNUSED_FUNCTION = YES;
				GCC_WARN_UNUSED_VARIABLE = YES;
				IPHONEOS_DEPLOYMENT_TARGET = 13.2;
				MTL_ENABLE_DEBUG_INFO = NO;
				MTL_FAST_MATH = YES;
				SDKROOT = iphoneos;
				SWIFT_COMPILATION_MODE = wholemodule;
				SWIFT_OPTIMIZATION_LEVEL = "-O";
				VALIDATE_PRODUCT = YES;
			};
			name = Release;
		};
		042A500B241CFDF300C5C509 /* Debug */ = {
			isa = XCBuildConfiguration;
			buildSettings = {
				ASSETCATALOG_COMPILER_APPICON_NAME = AppIcon;
				CODE_SIGN_STYLE = Automatic;
				DEVELOPMENT_TEAM = 835D5425XB;
				INFOPLIST_FILE = "notes and folders/Info.plist";
				LD_RUNPATH_SEARCH_PATHS = (
					"$(inherited)",
					"@executable_path/Frameworks",
				);
				PRODUCT_BUNDLE_IDENTIFIER = "com.moonlight.notes-and-folders";
				PRODUCT_NAME = "$(TARGET_NAME)";
				SWIFT_VERSION = 5.0;
				TARGETED_DEVICE_FAMILY = "1,2";
			};
			name = Debug;
		};
		042A500C241CFDF300C5C509 /* Release */ = {
			isa = XCBuildConfiguration;
			buildSettings = {
				ASSETCATALOG_COMPILER_APPICON_NAME = AppIcon;
				CODE_SIGN_STYLE = Automatic;
				DEVELOPMENT_TEAM = 835D5425XB;
				INFOPLIST_FILE = "notes and folders/Info.plist";
				LD_RUNPATH_SEARCH_PATHS = (
					"$(inherited)",
					"@executable_path/Frameworks",
				);
				PRODUCT_BUNDLE_IDENTIFIER = "com.moonlight.notes-and-folders";
				PRODUCT_NAME = "$(TARGET_NAME)";
				SWIFT_VERSION = 5.0;
				TARGETED_DEVICE_FAMILY = "1,2";
			};
			name = Release;
		};
/* End XCBuildConfiguration section */

/* Begin XCConfigurationList section */
		042A4FEE241CFDF200C5C509 /* Build configuration list for PBXProject "notes and folders" */ = {
			isa = XCConfigurationList;
			buildConfigurations = (
				042A5008241CFDF300C5C509 /* Debug */,
				042A5009241CFDF300C5C509 /* Release */,
			);
			defaultConfigurationIsVisible = 0;
			defaultConfigurationName = Release;
		};
		042A500A241CFDF300C5C509 /* Build configuration list for PBXNativeTarget "notes and folders" */ = {
			isa = XCConfigurationList;
			buildConfigurations = (
				042A500B241CFDF300C5C509 /* Debug */,
				042A500C241CFDF300C5C509 /* Release */,
			);
			defaultConfigurationIsVisible = 0;
			defaultConfigurationName = Release;
		};
/* End XCConfigurationList section */

/* Begin XCVersionGroup section */
		042A4FFF241CFDF200C5C509 /* notes_and_folders.xcdatamodeld */ = {
			isa = XCVersionGroup;
			children = (
				042A5000241CFDF200C5C509 /* notes_and_folders.xcdatamodel */,
			);
			currentVersion = 042A5000241CFDF200C5C509 /* notes_and_folders.xcdatamodel */;
			path = notes_and_folders.xcdatamodeld;
			sourceTree = "<group>";
			versionGroupType = wrapper.xcdatamodel;
		};
/* End XCVersionGroup section */
	};
	rootObject = 042A4FEB241CFDF200C5C509 /* Project object */;
}
